// !$*UTF8*$!
{
	archiveVersion = 1;
	classes = {
	};
	objectVersion = 50;
	objects = {

/* Begin PBXBuildFile section */
		C00D51622605B64900C3CCDC /* AppDelegate.swift in Sources */ = {isa = PBXBuildFile; fileRef = C00D51612605B64900C3CCDC /* AppDelegate.swift */; };
		C00D51642605B64900C3CCDC /* SceneDelegate.swift in Sources */ = {isa = PBXBuildFile; fileRef = C00D51632605B64900C3CCDC /* SceneDelegate.swift */; };
		C00D51662605B64900C3CCDC /* ViewController.swift in Sources */ = {isa = PBXBuildFile; fileRef = C00D51652605B64900C3CCDC /* ViewController.swift */; };
		C00D51692605B64900C3CCDC /* Main.storyboard in Resources */ = {isa = PBXBuildFile; fileRef = C00D51672605B64900C3CCDC /* Main.storyboard */; };
		C00D516B2605B64E00C3CCDC /* Assets.xcassets in Resources */ = {isa = PBXBuildFile; fileRef = C00D516A2605B64E00C3CCDC /* Assets.xcassets */; };
		C00D516E2605B64E00C3CCDC /* LaunchScreen.storyboard in Resources */ = {isa = PBXBuildFile; fileRef = C00D516C2605B64E00C3CCDC /* LaunchScreen.storyboard */; };
		C00D51792605B64F00C3CCDC /* mapviewTests.swift in Sources */ = {isa = PBXBuildFile; fileRef = C00D51782605B64F00C3CCDC /* mapviewTests.swift */; };
		C00D51842605B64F00C3CCDC /* mapviewUITests.swift in Sources */ = {isa = PBXBuildFile; fileRef = C00D51832605B64F00C3CCDC /* mapviewUITests.swift */; };
		C00D51922605C3C900C3CCDC /* CustomPointAnnotation.swift in Sources */ = {isa = PBXBuildFile; fileRef = C00D51912605C3C900C3CCDC /* CustomPointAnnotation.swift */; };
		C00D51942605D27200C3CCDC /* customanimation.swift in Sources */ = {isa = PBXBuildFile; fileRef = C00D51932605D27200C3CCDC /* customanimation.swift */; };
/* End PBXBuildFile section */

/* Begin PBXContainerItemProxy section */
		C00D51752605B64F00C3CCDC /* PBXContainerItemProxy */ = {
			isa = PBXContainerItemProxy;
			containerPortal = C00D51562605B64900C3CCDC /* Project object */;
			proxyType = 1;
			remoteGlobalIDString = C00D515D2605B64900C3CCDC;
			remoteInfo = mapview;
		};
		C00D51802605B64F00C3CCDC /* PBXContainerItemProxy */ = {
			isa = PBXContainerItemProxy;
			containerPortal = C00D51562605B64900C3CCDC /* Project object */;
			proxyType = 1;
			remoteGlobalIDString = C00D515D2605B64900C3CCDC;
			remoteInfo = mapview;
		};
/* End PBXContainerItemProxy section */

/* Begin PBXFileReference section */
		C00D515E2605B64900C3CCDC /* mapview.app */ = {isa = PBXFileReference; explicitFileType = wrapper.application; includeInIndex = 0; path = mapview.app; sourceTree = BUILT_PRODUCTS_DIR; };
		C00D51612605B64900C3CCDC /* AppDelegate.swift */ = {isa = PBXFileReference; lastKnownFileType = sourcecode.swift; path = AppDelegate.swift; sourceTree = "<group>"; };
		C00D51632605B64900C3CCDC /* SceneDelegate.swift */ = {isa = PBXFileReference; lastKnownFileType = sourcecode.swift; path = SceneDelegate.swift; sourceTree = "<group>"; };
		C00D51652605B64900C3CCDC /* ViewController.swift */ = {isa = PBXFileReference; lastKnownFileType = sourcecode.swift; path = ViewController.swift; sourceTree = "<group>"; };
		C00D51682605B64900C3CCDC /* Base */ = {isa = PBXFileReference; lastKnownFileType = file.storyboard; name = Base; path = Base.lproj/Main.storyboard; sourceTree = "<group>"; };
		C00D516A2605B64E00C3CCDC /* Assets.xcassets */ = {isa = PBXFileReference; lastKnownFileType = folder.assetcatalog; path = Assets.xcassets; sourceTree = "<group>"; };
		C00D516D2605B64E00C3CCDC /* Base */ = {isa = PBXFileReference; lastKnownFileType = file.storyboard; name = Base; path = Base.lproj/LaunchScreen.storyboard; sourceTree = "<group>"; };
		C00D516F2605B64F00C3CCDC /* Info.plist */ = {isa = PBXFileReference; lastKnownFileType = text.plist.xml; path = Info.plist; sourceTree = "<group>"; };
		C00D51742605B64F00C3CCDC /* mapviewTests.xctest */ = {isa = PBXFileReference; explicitFileType = wrapper.cfbundle; includeInIndex = 0; path = mapviewTests.xctest; sourceTree = BUILT_PRODUCTS_DIR; };
		C00D51782605B64F00C3CCDC /* mapviewTests.swift */ = {isa = PBXFileReference; lastKnownFileType = sourcecode.swift; path = mapviewTests.swift; sourceTree = "<group>"; };
		C00D517A2605B64F00C3CCDC /* Info.plist */ = {isa = PBXFileReference; lastKnownFileType = text.plist.xml; path = Info.plist; sourceTree = "<group>"; };
		C00D517F2605B64F00C3CCDC /* mapviewUITests.xctest */ = {isa = PBXFileReference; explicitFileType = wrapper.cfbundle; includeInIndex = 0; path = mapviewUITests.xctest; sourceTree = BUILT_PRODUCTS_DIR; };
		C00D51832605B64F00C3CCDC /* mapviewUITests.swift */ = {isa = PBXFileReference; lastKnownFileType = sourcecode.swift; path = mapviewUITests.swift; sourceTree = "<group>"; };
		C00D51852605B64F00C3CCDC /* Info.plist */ = {isa = PBXFileReference; lastKnownFileType = text.plist.xml; path = Info.plist; sourceTree = "<group>"; };
		C00D51912605C3C900C3CCDC /* CustomPointAnnotation.swift */ = {isa = PBXFileReference; lastKnownFileType = sourcecode.swift; path = CustomPointAnnotation.swift; sourceTree = "<group>"; };
		C00D51932605D27200C3CCDC /* customanimation.swift */ = {isa = PBXFileReference; lastKnownFileType = sourcecode.swift; path = customanimation.swift; sourceTree = "<group>"; };
/* End PBXFileReference section */

/* Begin PBXFrameworksBuildPhase section */
		C00D515B2605B64900C3CCDC /* Frameworks */ = {
			isa = PBXFrameworksBuildPhase;
			buildActionMask = 2147483647;
			files = (
			);
			runOnlyForDeploymentPostprocessing = 0;
		};
		C00D51712605B64F00C3CCDC /* Frameworks */ = {
			isa = PBXFrameworksBuildPhase;
			buildActionMask = 2147483647;
			files = (
			);
			runOnlyForDeploymentPostprocessing = 0;
		};
		C00D517C2605B64F00C3CCDC /* Frameworks */ = {
			isa = PBXFrameworksBuildPhase;
			buildActionMask = 2147483647;
			files = (
			);
			runOnlyForDeploymentPostprocessing = 0;
		};
/* End PBXFrameworksBuildPhase section */

/* Begin PBXGroup section */
		C00D51552605B64900C3CCDC = {
			isa = PBXGroup;
			children = (
				C00D51602605B64900C3CCDC /* mapview */,
				C00D51772605B64F00C3CCDC /* mapviewTests */,
				C00D51822605B64F00C3CCDC /* mapviewUITests */,
				C00D515F2605B64900C3CCDC /* Products */,
			);
			sourceTree = "<group>";
		};
		C00D515F2605B64900C3CCDC /* Products */ = {
			isa = PBXGroup;
			children = (
				C00D515E2605B64900C3CCDC /* mapview.app */,
				C00D51742605B64F00C3CCDC /* mapviewTests.xctest */,
				C00D517F2605B64F00C3CCDC /* mapviewUITests.xctest */,
			);
			name = Products;
			sourceTree = "<group>";
		};
		C00D51602605B64900C3CCDC /* mapview */ = {
			isa = PBXGroup;
			children = (
				C00D51612605B64900C3CCDC /* AppDelegate.swift */,
				C00D51632605B64900C3CCDC /* SceneDelegate.swift */,
				C00D51652605B64900C3CCDC /* ViewController.swift */,
				C00D51672605B64900C3CCDC /* Main.storyboard */,
				C00D516A2605B64E00C3CCDC /* Assets.xcassets */,
				C00D516C2605B64E00C3CCDC /* LaunchScreen.storyboard */,
				C00D516F2605B64F00C3CCDC /* Info.plist */,
				C00D51912605C3C900C3CCDC /* CustomPointAnnotation.swift */,
				C00D51932605D27200C3CCDC /* customanimation.swift */,
			);
			path = mapview;
			sourceTree = "<group>";
		};
		C00D51772605B64F00C3CCDC /* mapviewTests */ = {
			isa = PBXGroup;
			children = (
				C00D51782605B64F00C3CCDC /* mapviewTests.swift */,
				C00D517A2605B64F00C3CCDC /* Info.plist */,
			);
			path = mapviewTests;
			sourceTree = "<group>";
		};
		C00D51822605B64F00C3CCDC /* mapviewUITests */ = {
			isa = PBXGroup;
			children = (
				C00D51832605B64F00C3CCDC /* mapviewUITests.swift */,
				C00D51852605B64F00C3CCDC /* Info.plist */,
			);
			path = mapviewUITests;
			sourceTree = "<group>";
		};
/* End PBXGroup section */

/* Begin PBXNativeTarget section */
		C00D515D2605B64900C3CCDC /* mapview */ = {
			isa = PBXNativeTarget;
			buildConfigurationList = C00D51882605B64F00C3CCDC /* Build configuration list for PBXNativeTarget "mapview" */;
			buildPhases = (
				C00D515A2605B64900C3CCDC /* Sources */,
				C00D515B2605B64900C3CCDC /* Frameworks */,
				C00D515C2605B64900C3CCDC /* Resources */,
			);
			buildRules = (
			);
			dependencies = (
			);
			name = mapview;
			productName = mapview;
			productReference = C00D515E2605B64900C3CCDC /* mapview.app */;
			productType = "com.apple.product-type.application";
		};
		C00D51732605B64F00C3CCDC /* mapviewTests */ = {
			isa = PBXNativeTarget;
			buildConfigurationList = C00D518B2605B64F00C3CCDC /* Build configuration list for PBXNativeTarget "mapviewTests" */;
			buildPhases = (
				C00D51702605B64F00C3CCDC /* Sources */,
				C00D51712605B64F00C3CCDC /* Frameworks */,
				C00D51722605B64F00C3CCDC /* Resources */,
			);
			buildRules = (
			);
			dependencies = (
				C00D51762605B64F00C3CCDC /* PBXTargetDependency */,
			);
			name = mapviewTests;
			productName = mapviewTests;
			productReference = C00D51742605B64F00C3CCDC /* mapviewTests.xctest */;
			productType = "com.apple.product-type.bundle.unit-test";
		};
		C00D517E2605B64F00C3CCDC /* mapviewUITests */ = {
			isa = PBXNativeTarget;
			buildConfigurationList = C00D518E2605B64F00C3CCDC /* Build configuration list for PBXNativeTarget "mapviewUITests" */;
			buildPhases = (
				C00D517B2605B64F00C3CCDC /* Sources */,
				C00D517C2605B64F00C3CCDC /* Frameworks */,
				C00D517D2605B64F00C3CCDC /* Resources */,
			);
			buildRules = (
			);
			dependencies = (
				C00D51812605B64F00C3CCDC /* PBXTargetDependency */,
			);
			name = mapviewUITests;
			productName = mapviewUITests;
			productReference = C00D517F2605B64F00C3CCDC /* mapviewUITests.xctest */;
			productType = "com.apple.product-type.bundle.ui-testing";
		};
/* End PBXNativeTarget section */

/* Begin PBXProject section */
		C00D51562605B64900C3CCDC /* Project object */ = {
			isa = PBXProject;
			attributes = {
				LastSwiftUpdateCheck = 1130;
				LastUpgradeCheck = 1130;
				ORGANIZATIONNAME = "Koushik Das Sharma";
				TargetAttributes = {
					C00D515D2605B64900C3CCDC = {
						CreatedOnToolsVersion = 11.3.1;
					};
					C00D51732605B64F00C3CCDC = {
						CreatedOnToolsVersion = 11.3.1;
						TestTargetID = C00D515D2605B64900C3CCDC;
					};
					C00D517E2605B64F00C3CCDC = {
						CreatedOnToolsVersion = 11.3.1;
						TestTargetID = C00D515D2605B64900C3CCDC;
					};
				};
			};
			buildConfigurationList = C00D51592605B64900C3CCDC /* Build configuration list for PBXProject "mapview" */;
			compatibilityVersion = "Xcode 9.3";
			developmentRegion = en;
			hasScannedForEncodings = 0;
			knownRegions = (
				en,
				Base,
			);
			mainGroup = C00D51552605B64900C3CCDC;
			productRefGroup = C00D515F2605B64900C3CCDC /* Products */;
			projectDirPath = "";
			projectRoot = "";
			targets = (
				C00D515D2605B64900C3CCDC /* mapview */,
				C00D51732605B64F00C3CCDC /* mapviewTests */,
				C00D517E2605B64F00C3CCDC /* mapviewUITests */,
			);
		};
/* End PBXProject section */

/* Begin PBXResourcesBuildPhase section */
		C00D515C2605B64900C3CCDC /* Resources */ = {
			isa = PBXResourcesBuildPhase;
			buildActionMask = 2147483647;
			files = (
				C00D516E2605B64E00C3CCDC /* LaunchScreen.storyboard in Resources */,
				C00D516B2605B64E00C3CCDC /* Assets.xcassets in Resources */,
				C00D51692605B64900C3CCDC /* Main.storyboard in Resources */,
			);
			runOnlyForDeploymentPostprocessing = 0;
		};
		C00D51722605B64F00C3CCDC /* Resources */ = {
			isa = PBXResourcesBuildPhase;
			buildActionMask = 2147483647;
			files = (
			);
			runOnlyForDeploymentPostprocessing = 0;
		};
		C00D517D2605B64F00C3CCDC /* Resources */ = {
			isa = PBXResourcesBuildPhase;
			buildActionMask = 2147483647;
			files = (
			);
			runOnlyForDeploymentPostprocessing = 0;
		};
/* End PBXResourcesBuildPhase section */

/* Begin PBXSourcesBuildPhase section */
		C00D515A2605B64900C3CCDC /* Sources */ = {
			isa = PBXSourcesBuildPhase;
			buildActionMask = 2147483647;
			files = (
				C00D51662605B64900C3CCDC /* ViewController.swift in Sources */,
				C00D51622605B64900C3CCDC /* AppDelegate.swift in Sources */,
				C00D51922605C3C900C3CCDC /* CustomPointAnnotation.swift in Sources */,
				C00D51942605D27200C3CCDC /* customanimation.swift in Sources */,
				C00D51642605B64900C3CCDC /* SceneDelegate.swift in Sources */,
			);
			runOnlyForDeploymentPostprocessing = 0;
		};
		C00D51702605B64F00C3CCDC /* Sources */ = {
			isa = PBXSourcesBuildPhase;
			buildActionMask = 2147483647;
			files = (
				C00D51792605B64F00C3CCDC /* mapviewTests.swift in Sources */,
			);
			runOnlyForDeploymentPostprocessing = 0;
		};
		C00D517B2605B64F00C3CCDC /* Sources */ = {
			isa = PBXSourcesBuildPhase;
			buildActionMask = 2147483647;
			files = (
				C00D51842605B64F00C3CCDC /* mapviewUITests.swift in Sources */,
			);
			runOnlyForDeploymentPostprocessing = 0;
		};
/* End PBXSourcesBuildPhase section */

/* Begin PBXTargetDependency section */
		C00D51762605B64F00C3CCDC /* PBXTargetDependency */ = {
			isa = PBXTargetDependency;
			target = C00D515D2605B64900C3CCDC /* mapview */;
			targetProxy = C00D51752605B64F00C3CCDC /* PBXContainerItemProxy */;
		};
		C00D51812605B64F00C3CCDC /* PBXTargetDependency */ = {
			isa = PBXTargetDependency;
			target = C00D515D2605B64900C3CCDC /* mapview */;
			targetProxy = C00D51802605B64F00C3CCDC /* PBXContainerItemProxy */;
		};
/* End PBXTargetDependency section */

/* Begin PBXVariantGroup section */
		C00D51672605B64900C3CCDC /* Main.storyboard */ = {
			isa = PBXVariantGroup;
			children = (
				C00D51682605B64900C3CCDC /* Base */,
			);
			name = Main.storyboard;
			sourceTree = "<group>";
		};
		C00D516C2605B64E00C3CCDC /* LaunchScreen.storyboard */ = {
			isa = PBXVariantGroup;
			children = (
				C00D516D2605B64E00C3CCDC /* Base */,
			);
			name = LaunchScreen.storyboard;
			sourceTree = "<group>";
		};
/* End PBXVariantGroup section */

/* Begin XCBuildConfiguration section */
		C00D51862605B64F00C3CCDC /* Debug */ = {
			isa = XCBuildConfiguration;
			buildSettings = {
				ALWAYS_SEARCH_USER_PATHS = NO;
				CLANG_ANALYZER_NONNULL = YES;
				CLANG_ANALYZER_NUMBER_OBJECT_CONVERSION = YES_AGGRESSIVE;
				CLANG_CXX_LANGUAGE_STANDARD = "gnu++14";
				CLANG_CXX_LIBRARY = "libc++";
				CLANG_ENABLE_MODULES = YES;
				CLANG_ENABLE_OBJC_ARC = YES;
				CLANG_ENABLE_OBJC_WEAK = YES;
				CLANG_WARN_BLOCK_CAPTURE_AUTORELEASING = YES;
				CLANG_WARN_BOOL_CONVERSION = YES;
				CLANG_WARN_COMMA = YES;
				CLANG_WARN_CONSTANT_CONVERSION = YES;
				CLANG_WARN_DEPRECATED_OBJC_IMPLEMENTATIONS = YES;
				CLANG_WARN_DIRECT_OBJC_ISA_USAGE = YES_ERROR;
				CLANG_WARN_DOCUMENTATION_COMMENTS = YES;
				CLANG_WARN_EMPTY_BODY = YES;
				CLANG_WARN_ENUM_CONVERSION = YES;
				CLANG_WARN_INFINITE_RECURSION = YES;
				CLANG_WARN_INT_CONVERSION = YES;
				CLANG_WARN_NON_LITERAL_NULL_CONVERSION = YES;
				CLANG_WARN_OBJC_IMPLICIT_RETAIN_SELF = YES;
				CLANG_WARN_OBJC_LITERAL_CONVERSION = YES;
				CLANG_WARN_OBJC_ROOT_CLASS = YES_ERROR;
				CLANG_WARN_RANGE_LOOP_ANALYSIS = YES;
				CLANG_WARN_STRICT_PROTOTYPES = YES;
				CLANG_WARN_SUSPICIOUS_MOVE = YES;
				CLANG_WARN_UNGUARDED_AVAILABILITY = YES_AGGRESSIVE;
				CLANG_WARN_UNREACHABLE_CODE = YES;
				CLANG_WARN__DUPLICATE_METHOD_MATCH = YES;
				COPY_PHASE_STRIP = NO;
				DEBUG_INFORMATION_FORMAT = dwarf;
				ENABLE_STRICT_OBJC_MSGSEND = YES;
				ENABLE_TESTABILITY = YES;
				GCC_C_LANGUAGE_STANDARD = gnu11;
				GCC_DYNAMIC_NO_PIC = NO;
				GCC_NO_COMMON_BLOCKS = YES;
				GCC_OPTIMIZATION_LEVEL = 0;
				GCC_PREPROCESSOR_DEFINITIONS = (
					"DEBUG=1",
					"$(inherited)",
				);
				GCC_WARN_64_TO_32_BIT_CONVERSION = YES;
				GCC_WARN_ABOUT_RETURN_TYPE = YES_ERROR;
				GCC_WARN_UNDECLARED_SELECTOR = YES;
				GCC_WARN_UNINITIALIZED_AUTOS = YES_AGGRESSIVE;
				GCC_WARN_UNUSED_FUNCTION = YES;
				GCC_WARN_UNUSED_VARIABLE = YES;
				IPHONEOS_DEPLOYMENT_TARGET = 13.2;
				MTL_ENABLE_DEBUG_INFO = INCLUDE_SOURCE;
				MTL_FAST_MATH = YES;
				ONLY_ACTIVE_ARCH = YES;
				SDKROOT = iphoneos;
				SWIFT_ACTIVE_COMPILATION_CONDITIONS = DEBUG;
				SWIFT_OPTIMIZATION_LEVEL = "-Onone";
			};
			name = Debug;
		};
		C00D51872605B64F00C3CCDC /* Release */ = {
			isa = XCBuildConfiguration;
			buildSettings = {
				ALWAYS_SEARCH_USER_PATHS = NO;
				CLANG_ANALYZER_NONNULL = YES;
				CLANG_ANALYZER_NUMBER_OBJECT_CONVERSION = YES_AGGRESSIVE;
				CLANG_CXX_LANGUAGE_STANDARD = "gnu++14";
				CLANG_CXX_LIBRARY = "libc++";
				CLANG_ENABLE_MODULES = YES;
				CLANG_ENABLE_OBJC_ARC = YES;
				CLANG_ENABLE_OBJC_WEAK = YES;
				CLANG_WARN_BLOCK_CAPTURE_AUTORELEASING = YES;
				CLANG_WARN_BOOL_CONVERSION = YES;
				CLANG_WARN_COMMA = YES;
				CLANG_WARN_CONSTANT_CONVERSION = YES;
				CLANG_WARN_DEPRECATED_OBJC_IMPLEMENTATIONS = YES;
				CLANG_WARN_DIRECT_OBJC_ISA_USAGE = YES_ERROR;
				CLANG_WARN_DOCUMENTATION_COMMENTS = YES;
				CLANG_WARN_EMPTY_BODY = YES;
				CLANG_WARN_ENUM_CONVERSION = YES;
				CLANG_WARN_INFINITE_RECURSION = YES;
				CLANG_WARN_INT_CONVERSION = YES;
				CLANG_WARN_NON_LITERAL_NULL_CONVERSION = YES;
				CLANG_WARN_OBJC_IMPLICIT_RETAIN_SELF = YES;
				CLANG_WARN_OBJC_LITERAL_CONVERSION = YES;
				CLANG_WARN_OBJC_ROOT_CLASS = YES_ERROR;
				CLANG_WARN_RANGE_LOOP_ANALYSIS = YES;
				CLANG_WARN_STRICT_PROTOTYPES = YES;
				CLANG_WARN_SUSPICIOUS_MOVE = YES;
				CLANG_WARN_UNGUARDED_AVAILABILITY = YES_AGGRESSIVE;
				CLANG_WARN_UNREACHABLE_CODE = YES;
				CLANG_WARN__DUPLICATE_METHOD_MATCH = YES;
				COPY_PHASE_STRIP = NO;
				DEBUG_INFORMATION_FORMAT = "dwarf-with-dsym";
				ENABLE_NS_ASSERTIONS = NO;
				ENABLE_STRICT_OBJC_MSGSEND = YES;
				GCC_C_LANGUAGE_STANDARD = gnu11;
				GCC_NO_COMMON_BLOCKS = YES;
				GCC_WARN_64_TO_32_BIT_CONVERSION = YES;
				GCC_WARN_ABOUT_RETURN_TYPE = YES_ERROR;
				GCC_WARN_UNDECLARED_SELECTOR = YES;
				GCC_WARN_UNINITIALIZED_AUTOS = YES_AGGRESSIVE;
				GCC_WARN_UNUSED_FUNCTION = YES;
				GCC_WARN_UNUSED_VARIABLE = YES;
				IPHONEOS_DEPLOYMENT_TARGET = 13.2;
				MTL_ENABLE_DEBUG_INFO = NO;
				MTL_FAST_MATH = YES;
				SDKROOT = iphoneos;
				SWIFT_COMPILATION_MODE = wholemodule;
				SWIFT_OPTIMIZATION_LEVEL = "-O";
				VALIDATE_PRODUCT = YES;
			};
			name = Release;
		};
		C00D51892605B64F00C3CCDC /* Debug */ = {
			isa = XCBuildConfiguration;
			buildSettings = {
				ASSETCATALOG_COMPILER_APPICON_NAME = AppIcon;
				CODE_SIGN_STYLE = Automatic;
				DEVELOPMENT_TEAM = MX5WJ3AL8B;
				INFOPLIST_FILE = mapview/Info.plist;
				LD_RUNPATH_SEARCH_PATHS = (
					"$(inherited)",
					"@executable_path/Frameworks",
				);
				PRODUCT_BUNDLE_IDENTIFIER = com.koushik.mapview;
				PRODUCT_NAME = "$(TARGET_NAME)";
				SWIFT_VERSION = 5.0;
				TARGETED_DEVICE_FAMILY = "1,2";
			};
			name = Debug;
		};
		C00D518A2605B64F00C3CCDC /* Release */ = {
			isa = XCBuildConfiguration;
			buildSettings = {
				ASSETCATALOG_COMPILER_APPICON_NAME = AppIcon;
				CODE_SIGN_STYLE = Automatic;
				DEVELOPMENT_TEAM = MX5WJ3AL8B;
				INFOPLIST_FILE = mapview/Info.plist;
				LD_RUNPATH_SEARCH_PATHS = (
					"$(inherited)",
					"@executable_path/Frameworks",
				);
				PRODUCT_BUNDLE_IDENTIFIER = com.koushik.mapview;
				PRODUCT_NAME = "$(TARGET_NAME)";
				SWIFT_VERSION = 5.0;
				TARGETED_DEVICE_FAMILY = "1,2";
			};
			name = Release;
		};
		C00D518C2605B64F00C3CCDC /* Debug */ = {
			isa = XCBuildConfiguration;
			buildSettings = {
				ALWAYS_EMBED_SWIFT_STANDARD_LIBRARIES = YES;
				BUNDLE_LOADER = "$(TEST_HOST)";
				CODE_SIGN_STYLE = Automatic;
				DEVELOPMENT_TEAM = MX5WJ3AL8B;
				INFOPLIST_FILE = mapviewTests/Info.plist;
				IPHONEOS_DEPLOYMENT_TARGET = 13.2;
				LD_RUNPATH_SEARCH_PATHS = (
					"$(inherited)",
					"@executable_path/Frameworks",
					"@loader_path/Frameworks",
				);
				PRODUCT_BUNDLE_IDENTIFIER = com.koushik.mapviewTests;
				PRODUCT_NAME = "$(TARGET_NAME)";
				SWIFT_VERSION = 5.0;
				TARGETED_DEVICE_FAMILY = "1,2";
				TEST_HOST = "$(BUILT_PRODUCTS_DIR)/mapview.app/mapview";
			};
			name = Debug;
		};
		C00D518D2605B64F00C3CCDC /* Release */ = {
			isa = XCBuildConfiguration;
			buildSettings = {
				ALWAYS_EMBED_SWIFT_STANDARD_LIBRARIES = YES;
				BUNDLE_LOADER = "$(TEST_HOST)";
				CODE_SIGN_STYLE = Automatic;
				DEVELOPMENT_TEAM = MX5WJ3AL8B;
				INFOPLIST_FILE = mapviewTests/Info.plist;
				IPHONEOS_DEPLOYMENT_TARGET = 13.2;
				LD_RUNPATH_SEARCH_PATHS = (
					"$(inherited)",
					"@executable_path/Frameworks",
					"@loader_path/Frameworks",
				);
				PRODUCT_BUNDLE_IDENTIFIER = com.koushik.mapviewTests;
				PRODUCT_NAME = "$(TARGET_NAME)";
				SWIFT_VERSION = 5.0;
				TARGETED_DEVICE_FAMILY = "1,2";
				TEST_HOST = "$(BUILT_PRODUCTS_DIR)/mapview.app/mapview";
			};
			name = Release;
		};
		C00D518F2605B64F00C3CCDC /* Debug */ = {
			isa = XCBuildConfiguration;
			buildSettings = {
				ALWAYS_EMBED_SWIFT_STANDARD_LIBRARIES = YES;
				CODE_SIGN_STYLE = Automatic;
				DEVELOPMENT_TEAM = MX5WJ3AL8B;
				INFOPLIST_FILE = mapviewUITests/Info.plist;
				LD_RUNPATH_SEARCH_PATHS = (
					"$(inherited)",
					"@executable_path/Frameworks",
					"@loader_path/Frameworks",
				);
				PRODUCT_BUNDLE_IDENTIFIER = com.koushik.mapviewUITests;
				PRODUCT_NAME = "$(TARGET_NAME)";
				SWIFT_VERSION = 5.0;
				TARGETED_DEVICE_FAMILY = "1,2";
				TEST_TARGET_NAME = mapview;
			};
			name = Debug;
		};
		C00D51902605B64F00C3CCDC /* Release */ = {
			isa = XCBuildConfiguration;
			buildSettings = {
				ALWAYS_EMBED_SWIFT_STANDARD_LIBRARIES = YES;
				CODE_SIGN_STYLE = Automatic;
				DEVELOPMENT_TEAM = MX5WJ3AL8B;
				INFOPLIST_FILE = mapviewUITests/Info.plist;
				LD_RUNPATH_SEARCH_PATHS = (
					"$(inherited)",
					"@executable_path/Frameworks",
					"@loader_path/Frameworks",
				);
				PRODUCT_BUNDLE_IDENTIFIER = com.koushik.mapviewUITests;
				PRODUCT_NAME = "$(TARGET_NAME)";
				SWIFT_VERSION = 5.0;
				TARGETED_DEVICE_FAMILY = "1,2";
				TEST_TARGET_NAME = mapview;
			};
			name = Release;
		};
/* End XCBuildConfiguration section */

/* Begin XCConfigurationList section */
		C00D51592605B64900C3CCDC /* Build configuration list for PBXProject "mapview" */ = {
			isa = XCConfigurationList;
			buildConfigurations = (
				C00D51862605B64F00C3CCDC /* Debug */,
				C00D51872605B64F00C3CCDC /* Release */,
			);
			defaultConfigurationIsVisible = 0;
			defaultConfigurationName = Release;
		};
		C00D51882605B64F00C3CCDC /* Build configuration list for PBXNativeTarget "mapview" */ = {
			isa = XCConfigurationList;
			buildConfigurations = (
				C00D51892605B64F00C3CCDC /* Debug */,
				C00D518A2605B64F00C3CCDC /* Release */,
			);
			defaultConfigurationIsVisible = 0;
			defaultConfigurationName = Release;
		};
		C00D518B2605B64F00C3CCDC /* Build configuration list for PBXNativeTarget "mapviewTests" */ = {
			isa = XCConfigurationList;
			buildConfigurations = (
				C00D518C2605B64F00C3CCDC /* Debug */,
				C00D518D2605B64F00C3CCDC /* Release */,
			);
			defaultConfigurationIsVisible = 0;
			defaultConfigurationName = Release;
		};
		C00D518E2605B64F00C3CCDC /* Build configuration list for PBXNativeTarget "mapviewUITests" */ = {
			isa = XCConfigurationList;
			buildConfigurations = (
				C00D518F2605B64F00C3CCDC /* Debug */,
				C00D51902605B64F00C3CCDC /* Release */,
			);
			defaultConfigurationIsVisible = 0;
			defaultConfigurationName = Release;
		};
/* End XCConfigurationList section */
	};
	rootObject = C00D51562605B64900C3CCDC /* Project object */;
}
